
Microsoft Visual Studio Solution File, Format Version 12.00
# Visual Studio Version 17
VisualStudioVersion = 17.0.31903.59
MinimumVisualStudioVersion = 10.0.40219.1
Project("{FAE04EC0-301F-11D3-BF4B-00C04F79EFBC}") = "FastProjects.Endpoints", "src\FastProjects.Endpoints\FastProjects.Endpoints.csproj", "{718B67A2-5F9E-49CE-A4C7-DA41C0381F6A}"
EndProject
Project("{FAE04EC0-301F-11D3-BF4B-00C04F79EFBC}") = "FastProjects.Endpoints.TestApp", "tests\FastProjects.Endpoints.TestApp\FastProjects.Endpoints.TestApp.csproj", "{D454245C-ACF7-4298-8E8C-D717CDCF9107}"
EndProject
Project("{FAE04EC0-301F-11D3-BF4B-00C04F79EFBC}") = "FastProjects.Endpoints.TestApp.FunctionalTests", "tests\FastProjects.Endpoints.TestApp.FunctionalTests\FastProjects.Endpoints.TestApp.FunctionalTests.csproj", "{FD685A41-9DD4-4F9D-9995-6E0300DD5AC9}"
EndProject
Global
	GlobalSection(SolutionConfigurationPlatforms) = preSolution
		Debug|Any CPU = Debug|Any CPU
		Release|Any CPU = Release|Any CPU
	EndGlobalSection
	GlobalSection(SolutionProperties) = preSolution
		HideSolutionNode = FALSE
	EndGlobalSection
	GlobalSection(ProjectConfigurationPlatforms) = postSolution
		{718B67A2-5F9E-49CE-A4C7-DA41C0381F6A}.Debug|Any CPU.ActiveCfg = Debug|Any CPU
		{718B67A2-5F9E-49CE-A4C7-DA41C0381F6A}.Debug|Any CPU.Build.0 = Debug|Any CPU
		{718B67A2-5F9E-49CE-A4C7-DA41C0381F6A}.Release|Any CPU.ActiveCfg = Release|Any CPU
		{718B67A2-5F9E-49CE-A4C7-DA41C0381F6A}.Release|Any CPU.Build.0 = Release|Any CPU
		{D454245C-ACF7-4298-8E8C-D717CDCF9107}.Debug|Any CPU.ActiveCfg = Debug|Any CPU
		{D454245C-ACF7-4298-8E8C-D717CDCF9107}.Debug|Any CPU.Build.0 = Debug|Any CPU
		{D454245C-ACF7-4298-8E8C-D717CDCF9107}.Release|Any CPU.ActiveCfg = Release|Any CPU
		{D454245C-ACF7-4298-8E8C-D717CDCF9107}.Release|Any CPU.Build.0 = Release|Any CPU
		{FD685A41-9DD4-4F9D-9995-6E0300DD5AC9}.Debug|Any CPU.ActiveCfg = Debug|Any CPU
		{FD685A41-9DD4-4F9D-9995-6E0300DD5AC9}.Debug|Any CPU.Build.0 = Debug|Any CPU
		{FD685A41-9DD4-4F9D-9995-6E0300DD5AC9}.Release|Any CPU.ActiveCfg = Release|Any CPU
		{FD685A41-9DD4-4F9D-9995-6E0300DD5AC9}.Release|Any CPU.Build.0 = Release|Any CPU
	EndGlobalSection
EndGlobal
